
Microsoft Visual Studio Solution File, Format Version 12.00
# Visual Studio Version 17
VisualStudioVersion = 17.0.31903.59
MinimumVisualStudioVersion = 10.0.40219.1
Project("{9A19103F-16F7-4668-BE54-9A1E7A4F7556}") = "Surreal", "Surreal\Surreal.csproj", "{C4C99CA3-06B1-4346-AB42-9D416C65A413}"
EndProject
Project("{2150E333-8FDC-42A3-9474-1A3956D46DE8}") = ".sln", ".sln", "{1D6A0738-BB14-4DAB-BC52-E701104D5642}"
	ProjectSection(SolutionItems) = preProject
		.editorconfig = .editorconfig
		.gitattributes = .gitattributes
		.gitignore = .gitignore
		devlog.md = devlog.md
		global.json = global.json
		nuget.config = nuget.config
		start.ps1 = start.ps1
	EndProjectSection
EndProject
Project("{9A19103F-16F7-4668-BE54-9A1E7A4F7556}") = "Surreal.Cli", "Surreal.Cli\Surreal.Cli.csproj", "{B5E3F843-787F-440C-82CC-FF78547D78E2}"
EndProject
Project("{9A19103F-16F7-4668-BE54-9A1E7A4F7556}") = "JsonRpc", "JsonRpc\JsonRpc.csproj", "{12C1B95A-E444-43C6-9F43-CD3F0EF1377E}"
EndProject
Project("{9A19103F-16F7-4668-BE54-9A1E7A4F7556}") = "DotSef.Extensions.DependencyInjection", "DotSef.Extensions.DependencyInjection\DotSef.Extensions.DependencyInjection.csproj", "{666817D8-B927-497C-BD74-BB0D0076C287}"
EndProject
Global
	GlobalSection(SolutionConfigurationPlatforms) = preSolution
		Debug|Any CPU = Debug|Any CPU
		Release|Any CPU = Release|Any CPU
	EndGlobalSection
	GlobalSection(ProjectConfigurationPlatforms) = postSolution
		{C4C99CA3-06B1-4346-AB42-9D416C65A413}.Debug|Any CPU.ActiveCfg = Debug|Any CPU
		{C4C99CA3-06B1-4346-AB42-9D416C65A413}.Debug|Any CPU.Build.0 = Debug|Any CPU
		{C4C99CA3-06B1-4346-AB42-9D416C65A413}.Release|Any CPU.ActiveCfg = Release|Any CPU
		{C4C99CA3-06B1-4346-AB42-9D416C65A413}.Release|Any CPU.Build.0 = Release|Any CPU
		{B5E3F843-787F-440C-82CC-FF78547D78E2}.Debug|Any CPU.ActiveCfg = Debug|Any CPU
		{B5E3F843-787F-440C-82CC-FF78547D78E2}.Debug|Any CPU.Build.0 = Debug|Any CPU
		{B5E3F843-787F-440C-82CC-FF78547D78E2}.Release|Any CPU.ActiveCfg = Release|Any CPU
		{B5E3F843-787F-440C-82CC-FF78547D78E2}.Release|Any CPU.Build.0 = Release|Any CPU
		{12C1B95A-E444-43C6-9F43-CD3F0EF1377E}.Debug|Any CPU.ActiveCfg = Debug|Any CPU
		{12C1B95A-E444-43C6-9F43-CD3F0EF1377E}.Debug|Any CPU.Build.0 = Debug|Any CPU
		{12C1B95A-E444-43C6-9F43-CD3F0EF1377E}.Release|Any CPU.ActiveCfg = Release|Any CPU
		{12C1B95A-E444-43C6-9F43-CD3F0EF1377E}.Release|Any CPU.Build.0 = Release|Any CPU
		{666817D8-B927-497C-BD74-BB0D0076C287}.Debug|Any CPU.ActiveCfg = Debug|Any CPU
		{666817D8-B927-497C-BD74-BB0D0076C287}.Debug|Any CPU.Build.0 = Debug|Any CPU
		{666817D8-B927-497C-BD74-BB0D0076C287}.Release|Any CPU.ActiveCfg = Release|Any CPU
		{666817D8-B927-497C-BD74-BB0D0076C287}.Release|Any CPU.Build.0 = Release|Any CPU
	EndGlobalSection
	GlobalSection(SolutionProperties) = preSolution
		HideSolutionNode = FALSE
	EndGlobalSection
	GlobalSection(ExtensibilityGlobals) = postSolution
		SolutionGuid = {19ED098E-35F9-4307-870E-F6DFF23B2286}
	EndGlobalSection
EndGlobal
